
Microsoft Visual Studio Solution File, Format Version 12.00
# Visual Studio Version 17
VisualStudioVersion = 17.6.33829.357
MinimumVisualStudioVersion = 10.0.40219.1
Project("{FAE04EC0-301F-11D3-BF4B-00C04F79EFBC}") = "Apicon", "Apicon\Apicon.csproj", "{7870DEFD-C39F-4638-9806-089ABEC9FE1B}"
EndProject
Global
	GlobalSection(SolutionConfigurationPlatforms) = preSolution
		Debug|Any CPU = Debug|Any CPU
		Release|Any CPU = Release|Any CPU
	EndGlobalSection
	GlobalSection(ProjectConfigurationPlatforms) = postSolution
		{7870DEFD-C39F-4638-9806-089ABEC9FE1B}.Debug|Any CPU.ActiveCfg = Debug|Any CPU
		{7870DEFD-C39F-4638-9806-089ABEC9FE1B}.Debug|Any CPU.Build.0 = Debug|Any CPU
		{7870DEFD-C39F-4638-9806-089ABEC9FE1B}.Release|Any CPU.ActiveCfg = Release|Any CPU
		{7870DEFD-C39F-4638-9806-089ABEC9FE1B}.Release|Any CPU.Build.0 = Release|Any CPU
	EndGlobalSection
	GlobalSection(SolutionProperties) = preSolution
		HideSolutionNode = FALSE
	EndGlobalSection
	GlobalSection(ExtensibilityGlobals) = postSolution
		SolutionGuid = {EEB85813-EC05-475D-9AD8-E5FEDB95052C}
	EndGlobalSection
EndGlobal
